
Microsoft Visual Studio Solution File, Format Version 12.00
# Visual Studio Version 16
VisualStudioVersion = 16.0.30413.136
MinimumVisualStudioVersion = 10.0.40219.1
Project("{9A19103F-16F7-4668-BE54-9A1E7A4F7556}") = "RdfSerializer", "RdfSerializer\RdfSerializer.csproj", "{88DF1C5A-5ED8-4115-9770-61E86CD02B75}"
EndProject
Project("{9A19103F-16F7-4668-BE54-9A1E7A4F7556}") = "RdfSerializer.UnitTests", "RdfSerializer.UnitTests\RdfSerializer.UnitTests.csproj", "{2A63F495-B66F-4118-A3C7-FE983D1FA2AB}"
EndProject
Project("{9A19103F-16F7-4668-BE54-9A1E7A4F7556}") = "ModelToRdf", "..\ModelToRDF\ModelToRdf\ModelToRdf.csproj", "{DAEEE472-F646-4501-BFFF-A248E6A98270}"
EndProject
Global
	GlobalSection(SolutionConfigurationPlatforms) = preSolution
		Debug|Any CPU = Debug|Any CPU
		Release|Any CPU = Release|Any CPU
	EndGlobalSection
	GlobalSection(ProjectConfigurationPlatforms) = postSolution
		{88DF1C5A-5ED8-4115-9770-61E86CD02B75}.Debug|Any CPU.ActiveCfg = Debug|Any CPU
		{88DF1C5A-5ED8-4115-9770-61E86CD02B75}.Debug|Any CPU.Build.0 = Debug|Any CPU
		{88DF1C5A-5ED8-4115-9770-61E86CD02B75}.Release|Any CPU.ActiveCfg = Release|Any CPU
		{88DF1C5A-5ED8-4115-9770-61E86CD02B75}.Release|Any CPU.Build.0 = Release|Any CPU
		{2A63F495-B66F-4118-A3C7-FE983D1FA2AB}.Debug|Any CPU.ActiveCfg = Debug|Any CPU
		{2A63F495-B66F-4118-A3C7-FE983D1FA2AB}.Debug|Any CPU.Build.0 = Debug|Any CPU
		{2A63F495-B66F-4118-A3C7-FE983D1FA2AB}.Release|Any CPU.ActiveCfg = Release|Any CPU
		{2A63F495-B66F-4118-A3C7-FE983D1FA2AB}.Release|Any CPU.Build.0 = Release|Any CPU
		{DAEEE472-F646-4501-BFFF-A248E6A98270}.Debug|Any CPU.ActiveCfg = Debug|Any CPU
		{DAEEE472-F646-4501-BFFF-A248E6A98270}.Debug|Any CPU.Build.0 = Debug|Any CPU
		{DAEEE472-F646-4501-BFFF-A248E6A98270}.Release|Any CPU.ActiveCfg = Release|Any CPU
		{DAEEE472-F646-4501-BFFF-A248E6A98270}.Release|Any CPU.Build.0 = Release|Any CPU
	EndGlobalSection
	GlobalSection(SolutionProperties) = preSolution
		HideSolutionNode = FALSE
	EndGlobalSection
	GlobalSection(ExtensibilityGlobals) = postSolution
		SolutionGuid = {A6555015-371B-4D9E-B7BB-3469A253E181}
	EndGlobalSection
EndGlobal
